github.com/Mitrichius/hugo-theme-anubis v0.0.0-20230625102159-f6769864be13 h1:aWYk5WpYqoNsav+vgAcVZm9bOIxQFwR/kzu2SOfhUDE=
github.com/Mitrichius/hugo-theme-anubis v0.0.0-20230625102159-f6769864be13/go.mod h1:FKD3NbdsQzL+cXsC3x99XD/t/Rd5EyhDlNBAxQhULbo=
github.com/hugomods/images v0.5.1 h1:nu5Rn993nsyHUS4k0Y+347nbKv2QhMPVkSNMggztk9A=
github.com/hugomods/images v0.5.1/go.mod h1:U6Gwj16LKvk66rOMyGFrnF6f0aV8lT89lqOsckOAjYY=
